// !$*UTF8*$!
{
	archiveVersion = 1;
	classes = {
	};
	objectVersion = 46;
	objects = {

/* Begin PBXBuildFile section */
		000533761D0ED4E10019FD19 /* main.m in Sources */ = {isa = PBXBuildFile; fileRef = 000533751D0ED4E10019FD19 /* main.m */; };
		000533791D0ED4E10019FD19 /* AppDelegate.m in Sources */ = {isa = PBXBuildFile; fileRef = 000533781D0ED4E10019FD19 /* AppDelegate.m */; };
		0005337C1D0ED4E10019FD19 /* ViewController.m in Sources */ = {isa = PBXBuildFile; fileRef = 0005337B1D0ED4E10019FD19 /* ViewController.m */; };
		0005337F1D0ED4E10019FD19 /* Main.storyboard in Resources */ = {isa = PBXBuildFile; fileRef = 0005337D1D0ED4E10019FD19 /* Main.storyboard */; };
		000533811D0ED4E10019FD19 /* Assets.xcassets in Resources */ = {isa = PBXBuildFile; fileRef = 000533801D0ED4E10019FD19 /* Assets.xcassets */; };
		000533841D0ED4E10019FD19 /* LaunchScreen.storyboard in Resources */ = {isa = PBXBuildFile; fileRef = 000533821D0ED4E10019FD19 /* LaunchScreen.storyboard */; };
/* End PBXBuildFile section */

/* Begin PBXFileReference section */
		000533711D0ED4E10019FD19 /* 1023.app */ = {isa = PBXFileReference; explicitFileType = wrapper.application; includeInIndex = 0; path = 1023.app; sourceTree = BUILT_PRODUCTS_DIR; };
		000533751D0ED4E10019FD19 /* main.m */ = {isa = PBXFileReference; lastKnownFileType = sourcecode.c.objc; path = main.m; sourceTree = "<group>"; };
		000533771D0ED4E10019FD19 /* AppDelegate.h */ = {isa = PBXFileReference; lastKnownFileType = sourcecode.c.h; path = AppDelegate.h; sourceTree = "<group>"; };
		000533781D0ED4E10019FD19 /* AppDelegate.m */ = {isa = PBXFileReference; lastKnownFileType = sourcecode.c.objc; path = AppDelegate.m; sourceTree = "<group>"; };
		0005337A1D0ED4E10019FD19 /* ViewController.h */ = {isa = PBXFileReference; lastKnownFileType = sourcecode.c.h; path = ViewController.h; sourceTree = "<group>"; };
		0005337B1D0ED4E10019FD19 /* ViewController.m */ = {isa = PBXFileReference; lastKnownFileType = sourcecode.c.objc; path = ViewController.m; sourceTree = "<group>"; };
		0005337E1D0ED4E10019FD19 /* Base */ = {isa = PBXFileReference; lastKnownFileType = file.storyboard; name = Base; path = Base.lproj/Main.storyboard; sourceTree = "<group>"; };
		000533801D0ED4E10019FD19 /* Assets.xcassets */ = {isa = PBXFileReference; lastKnownFileType = folder.assetcatalog; path = Assets.xcassets; sourceTree = "<group>"; };
		000533831D0ED4E10019FD19 /* Base */ = {isa = PBXFileReference; lastKnownFileType = file.storyboard; name = Base; path = Base.lproj/LaunchScreen.storyboard; sourceTree = "<group>"; };
		000533851D0ED4E10019FD19 /* Info.plist */ = {isa = PBXFileReference; lastKnownFileType = text.plist.xml; path = Info.plist; sourceTree = "<group>"; };
/* End PBXFileReference section */

/* Begin PBXFrameworksBuildPhase section */
		0005336E1D0ED4E10019FD19 /* Frameworks */ = {
			isa = PBXFrameworksBuildPhase;
			buildActionMask = 2147483647;
			files = (
			);
			runOnlyForDeploymentPostprocessing = 0;
		};
/* End PBXFrameworksBuildPhase section */

/* Begin PBXGroup section */
		000533681D0ED4E10019FD19 = {
			isa = PBXGroup;
			children = (
				000533731D0ED4E10019FD19 /* 1023 */,
				000533721D0ED4E10019FD19 /* Products */,
			);
			sourceTree = "<group>";
		};
		000533721D0ED4E10019FD19 /* Products */ = {
			isa = PBXGroup;
			children = (
				000533711D0ED4E10019FD19 /* 1023.app */,
			);
			name = Products;
			sourceTree = "<group>";
		};
		000533731D0ED4E10019FD19 /* 1023 */ = {
			isa = PBXGroup;
			children = (
				000533771D0ED4E10019FD19 /* AppDelegate.h */,
				000533781D0ED4E10019FD19 /* AppDelegate.m */,
				0005337A1D0ED4E10019FD19 /* ViewController.h */,
				0005337B1D0ED4E10019FD19 /* ViewController.m */,
				0005337D1D0ED4E10019FD19 /* Main.storyboard */,
				000533801D0ED4E10019FD19 /* Assets.xcassets */,
				000533821D0ED4E10019FD19 /* LaunchScreen.storyboard */,
				000533851D0ED4E10019FD19 /* Info.plist */,
				000533741D0ED4E10019FD19 /* Supporting Files */,
			);
			path = 1023;
			sourceTree = "<group>";
		};
		000533741D0ED4E10019FD19 /* Supporting Files */ = {
			isa = PBXGroup;
			children = (
				000533751D0ED4E10019FD19 /* main.m */,
			);
			name = "Supporting Files";
			sourceTree = "<group>";
		};
/* End PBXGroup section */

/* Begin PBXNativeTarget section */
		000533701D0ED4E10019FD19 /* 1023 */ = {
			isa = PBXNativeTarget;
			buildConfigurationList = 000533881D0ED4E10019FD19 /* Build configuration list for PBXNativeTarget "1023" */;
			buildPhases = (
				0005336D1D0ED4E10019FD19 /* Sources */,
				0005336E1D0ED4E10019FD19 /* Frameworks */,
				0005336F1D0ED4E10019FD19 /* Resources */,
			);
			buildRules = (
			);
			dependencies = (
			);
			name = 1023;
			productName = 1023;
			productReference = 000533711D0ED4E10019FD19 /* 1023.app */;
			productType = "com.apple.product-type.application";
		};
/* End PBXNativeTarget section */

/* Begin PBXProject section */
		000533691D0ED4E10019FD19 /* Project object */ = {
			isa = PBXProject;
			attributes = {
				LastUpgradeCheck = 0730;
				ORGANIZATIONNAME = NSOperation;
				TargetAttributes = {
					000533701D0ED4E10019FD19 = {
						CreatedOnToolsVersion = 7.3.1;
						DevelopmentTeam = 3J852G6E65;
					};
				};
			};
			buildConfigurationList = 0005336C1D0ED4E10019FD19 /* Build configuration list for PBXProject "1023" */;
			compatibilityVersion = "Xcode 3.2";
			developmentRegion = English;
			hasScannedForEncodings = 0;
			knownRegions = (
				en,
				Base,
			);
			mainGroup = 000533681D0ED4E10019FD19;
			productRefGroup = 000533721D0ED4E10019FD19 /* Products */;
			projectDirPath = "";
			projectRoot = "";
			targets = (
				000533701D0ED4E10019FD19 /* 1023 */,
			);
		};
/* End PBXProject section */

/* Begin PBXResourcesBuildPhase section */
		0005336F1D0ED4E10019FD19 /* Resources */ = {
			isa = PBXResourcesBuildPhase;
			buildActionMask = 2147483647;
			files = (
				000533841D0ED4E10019FD19 /* LaunchScreen.storyboard in Resources */,
				000533811D0ED4E10019FD19 /* Assets.xcassets in Resources */,
				0005337F1D0ED4E10019FD19 /* Main.storyboard in Resources */,
			);
			runOnlyForDeploymentPostprocessing = 0;
		};
/* End PBXResourcesBuildPhase section */

/* Begin PBXSourcesBuildPhase section */
		0005336D1D0ED4E10019FD19 /* Sources */ = {
			isa = PBXSourcesBuildPhase;
			buildActionMask = 2147483647;
			files = (
				0005337C1D0ED4E10019FD19 /* ViewController.m in Sources */,
				000533791D0ED4E10019FD19 /* AppDelegate.m in Sources */,
				000533761D0ED4E10019FD19 /* main.m in Sources */,
			);
			runOnlyForDeploymentPostprocessing = 0;
		};
/* End PBXSourcesBuildPhase section */

/* Begin PBXVariantGroup section */
		0005337D1D0ED4E10019FD19 /* Main.storyboard */ = {
			isa = PBXVariantGroup;
			children = (
				0005337E1D0ED4E10019FD19 /* Base */,
			);
			name = Main.storyboard;
			sourceTree = "<group>";
		};
		000533821D0ED4E10019FD19 /* LaunchScreen.storyboard */ = {
			isa = PBXVariantGroup;
			children = (
				000533831D0ED4E10019FD19 /* Base */,
			);
			name = LaunchScreen.storyboard;
			sourceTree = "<group>";
		};
/* End PBXVariantGroup section */

/* Begin XCBuildConfiguration section */
		000533861D0ED4E10019FD19 /* Debug */ = {
			isa = XCBuildConfiguration;
			buildSettings = {
				ALWAYS_SEARCH_USER_PATHS = NO;
				CLANG_ANALYZER_NONNULL = YES;
				CLANG_CXX_LANGUAGE_STANDARD = "gnu++0x";
				CLANG_CXX_LIBRARY = "libc++";
				CLANG_ENABLE_MODULES = YES;
				CLANG_ENABLE_OBJC_ARC = YES;
				CLANG_WARN_BOOL_CONVERSION = YES;
				CLANG_WARN_CONSTANT_CONVERSION = YES;
				CLANG_WARN_DIRECT_OBJC_ISA_USAGE = YES_ERROR;
				CLANG_WARN_EMPTY_BODY = YES;
				CLANG_WARN_ENUM_CONVERSION = YES;
				CLANG_WARN_INT_CONVERSION = YES;
				CLANG_WARN_OBJC_ROOT_CLASS = YES_ERROR;
				CLANG_WARN_UNREACHABLE_CODE = YES;
				CLANG_WARN__DUPLICATE_METHOD_MATCH = YES;
				"CODE_SIGN_IDENTITY[sdk=iphoneos*]" = "iPhone Developer";
				COPY_PHASE_STRIP = NO;
				DEBUG_INFORMATION_FORMAT = dwarf;
				ENABLE_STRICT_OBJC_MSGSEND = YES;
				ENABLE_TESTABILITY = YES;
				GCC_C_LANGUAGE_STANDARD = gnu99;
				GCC_DYNAMIC_NO_PIC = NO;
				GCC_NO_COMMON_BLOCKS = YES;
				GCC_OPTIMIZATION_LEVEL = 0;
				GCC_PREPROCESSOR_DEFINITIONS = (
					"DEBUG=1",
					"$(inherited)",
				);
				GCC_WARN_64_TO_32_BIT_CONVERSION = YES;
				GCC_WARN_ABOUT_RETURN_TYPE = YES_ERROR;
				GCC_WARN_UNDECLARED_SELECTOR = YES;
				GCC_WARN_UNINITIALIZED_AUTOS = YES_AGGRESSIVE;
				GCC_WARN_UNUSED_FUNCTION = YES;
				GCC_WARN_UNUSED_VARIABLE = YES;
				IPHONEOS_DEPLOYMENT_TARGET = 9.3;
				MTL_ENABLE_DEBUG_INFO = YES;
				ONLY_ACTIVE_ARCH = YES;
				SDKROOT = iphoneos;
				TARGETED_DEVICE_FAMILY = "1,2";
			};
			name = Debug;
		};
		000533871D0ED4E10019FD19 /* Release */ = {
			isa = XCBuildConfiguration;
			buildSettings = {
				ALWAYS_SEARCH_USER_PATHS = NO;
				CLANG_ANALYZER_NONNULL = YES;
				CLANG_CXX_LANGUAGE_STANDARD = "gnu++0x";
				CLANG_CXX_LIBRARY = "libc++";
				CLANG_ENABLE_MODULES = YES;
				CLANG_ENABLE_OBJC_ARC = YES;
				CLANG_WARN_BOOL_CONVERSION = YES;
				CLANG_WARN_CONSTANT_CONVERSION = YES;
				CLANG_WARN_DIRECT_OBJC_ISA_USAGE = YES_ERROR;
				CLANG_WARN_EMPTY_BODY = YES;
				CLANG_WARN_ENUM_CONVERSION = YES;
				CLANG_WARN_INT_CONVERSION = YES;
				CLANG_WARN_OBJC_ROOT_CLASS = YES_ERROR;
				CLANG_WARN_UNREACHABLE_CODE = YES;
				CLANG_WARN__DUPLICATE_METHOD_MATCH = YES;
				"CODE_SIGN_IDENTITY[sdk=iphoneos*]" = "iPhone Developer";
				COPY_PHASE_STRIP = NO;
				DEBUG_INFORMATION_FORMAT = "dwarf-with-dsym";
				ENABLE_NS_ASSERTIONS = NO;
				ENABLE_STRICT_OBJC_MSGSEND = YES;
				GCC_C_LANGUAGE_STANDARD = gnu99;
				GCC_NO_COMMON_BLOCKS = YES;
				GCC_WARN_64_TO_32_BIT_CONVERSION = YES;
				GCC_WARN_ABOUT_RETURN_TYPE = YES_ERROR;
				GCC_WARN_UNDECLARED_SELECTOR = YES;
				GCC_WARN_UNINITIALIZED_AUTOS = YES_AGGRESSIVE;
				GCC_WARN_UNUSED_FUNCTION = YES;
				GCC_WARN_UNUSED_VARIABLE = YES;
				IPHONEOS_DEPLOYMENT_TARGET = 9.3;
				MTL_ENABLE_DEBUG_INFO = NO;
				SDKROOT = iphoneos;
				TARGETED_DEVICE_FAMILY = "1,2";
				VALIDATE_PRODUCT = YES;
			};
			name = Release;
		};
		000533891D0ED4E10019FD19 /* Debug */ = {
			isa = XCBuildConfiguration;
			buildSettings = {
				ASSETCATALOG_COMPILER_APPICON_NAME = AppIcon;
				INFOPLIST_FILE = 1023/Info.plist;
				LD_RUNPATH_SEARCH_PATHS = "$(inherited) @executable_path/Frameworks";
				PRODUCT_BUNDLE_IDENTIFIER = "-40823.-023";
				PRODUCT_NAME = "$(TARGET_NAME)";
			};
			name = Debug;
		};
		0005338A1D0ED4E10019FD19 /* Release */ = {
			isa = XCBuildConfiguration;
			buildSettings = {
				ASSETCATALOG_COMPILER_APPICON_NAME = AppIcon;
				INFOPLIST_FILE = 1023/Info.plist;
				LD_RUNPATH_SEARCH_PATHS = "$(inherited) @executable_path/Frameworks";
				PRODUCT_BUNDLE_IDENTIFIER = "-40823.-023";
				PRODUCT_NAME = "$(TARGET_NAME)";
			};
			name = Release;
		};
/* End XCBuildConfiguration section */

/* Begin XCConfigurationList section */
		0005336C1D0ED4E10019FD19 /* Build configuration list for PBXProject "1023" */ = {
			isa = XCConfigurationList;
			buildConfigurations = (
				000533861D0ED4E10019FD19 /* Debug */,
				000533871D0ED4E10019FD19 /* Release */,
			);
			defaultConfigurationIsVisible = 0;
			defaultConfigurationName = Release;
		};
		000533881D0ED4E10019FD19 /* Build configuration list for PBXNativeTarget "1023" */ = {
			isa = XCConfigurationList;
			buildConfigurations = (
				000533891D0ED4E10019FD19 /* Debug */,
				0005338A1D0ED4E10019FD19 /* Release */,
			);
			defaultConfigurationIsVisible = 0;
		};
/* End XCConfigurationList section */
	};
	rootObject = 000533691D0ED4E10019FD19 /* Project object */;
}
